// !$*UTF8*$!
{
	archiveVersion = 1;
	classes = {
	};
	objectVersion = 50;
	objects = {

/* Begin PBXBuildFile section */
		7A023ACB217240FC00A06EAD /* BrightnessVC.swift in Sources */ = {isa = PBXBuildFile; fileRef = 7A023AC9217240FC00A06EAD /* BrightnessVC.swift */; };
		7A023ACC217240FC00A06EAD /* BrightnessVC.xib in Resources */ = {isa = PBXBuildFile; fileRef = 7A023ACA217240FC00A06EAD /* BrightnessVC.xib */; };
		7A92E200217093A6004C0F95 /* AppDelegate.swift in Sources */ = {isa = PBXBuildFile; fileRef = 7A92E1FF217093A6004C0F95 /* AppDelegate.swift */; };
		7A92E202217093A6004C0F95 /* ViewController.swift in Sources */ = {isa = PBXBuildFile; fileRef = 7A92E201217093A6004C0F95 /* ViewController.swift */; };
		7A92E205217093A6004C0F95 /* Main.storyboard in Resources */ = {isa = PBXBuildFile; fileRef = 7A92E203217093A6004C0F95 /* Main.storyboard */; };
		7A92E207217093A7004C0F95 /* Assets.xcassets in Resources */ = {isa = PBXBuildFile; fileRef = 7A92E206217093A7004C0F95 /* Assets.xcassets */; };
		7A92E20A217093A7004C0F95 /* LaunchScreen.storyboard in Resources */ = {isa = PBXBuildFile; fileRef = 7A92E208217093A7004C0F95 /* LaunchScreen.storyboard */; };
		7A92E215217093A7004C0F95 /* searchdemoTests.swift in Sources */ = {isa = PBXBuildFile; fileRef = 7A92E214217093A7004C0F95 /* searchdemoTests.swift */; };
		7A92E220217093A7004C0F95 /* searchdemoUITests.swift in Sources */ = {isa = PBXBuildFile; fileRef = 7A92E21F217093A7004C0F95 /* searchdemoUITests.swift */; };
/* End PBXBuildFile section */

/* Begin PBXContainerItemProxy section */
		7A92E211217093A7004C0F95 /* PBXContainerItemProxy */ = {
			isa = PBXContainerItemProxy;
			containerPortal = 7A92E1F4217093A6004C0F95 /* Project object */;
			proxyType = 1;
			remoteGlobalIDString = 7A92E1FB217093A6004C0F95;
			remoteInfo = searchdemo;
		};
		7A92E21C217093A7004C0F95 /* PBXContainerItemProxy */ = {
			isa = PBXContainerItemProxy;
			containerPortal = 7A92E1F4217093A6004C0F95 /* Project object */;
			proxyType = 1;
			remoteGlobalIDString = 7A92E1FB217093A6004C0F95;
			remoteInfo = searchdemo;
		};
/* End PBXContainerItemProxy section */

/* Begin PBXFileReference section */
		7A023AC9217240FC00A06EAD /* BrightnessVC.swift */ = {isa = PBXFileReference; lastKnownFileType = sourcecode.swift; path = BrightnessVC.swift; sourceTree = "<group>"; };
		7A023ACA217240FC00A06EAD /* BrightnessVC.xib */ = {isa = PBXFileReference; lastKnownFileType = file.xib; path = BrightnessVC.xib; sourceTree = "<group>"; };
		7A92E1FC217093A6004C0F95 /* searchdemo.app */ = {isa = PBXFileReference; explicitFileType = wrapper.application; includeInIndex = 0; path = searchdemo.app; sourceTree = BUILT_PRODUCTS_DIR; };
		7A92E1FF217093A6004C0F95 /* AppDelegate.swift */ = {isa = PBXFileReference; lastKnownFileType = sourcecode.swift; path = AppDelegate.swift; sourceTree = "<group>"; };
		7A92E201217093A6004C0F95 /* ViewController.swift */ = {isa = PBXFileReference; lastKnownFileType = sourcecode.swift; path = ViewController.swift; sourceTree = "<group>"; };
		7A92E204217093A6004C0F95 /* Base */ = {isa = PBXFileReference; lastKnownFileType = file.storyboard; name = Base; path = Base.lproj/Main.storyboard; sourceTree = "<group>"; };
		7A92E206217093A7004C0F95 /* Assets.xcassets */ = {isa = PBXFileReference; lastKnownFileType = folder.assetcatalog; path = Assets.xcassets; sourceTree = "<group>"; };
		7A92E209217093A7004C0F95 /* Base */ = {isa = PBXFileReference; lastKnownFileType = file.storyboard; name = Base; path = Base.lproj/LaunchScreen.storyboard; sourceTree = "<group>"; };
		7A92E20B217093A7004C0F95 /* Info.plist */ = {isa = PBXFileReference; lastKnownFileType = text.plist.xml; path = Info.plist; sourceTree = "<group>"; };
		7A92E210217093A7004C0F95 /* searchdemoTests.xctest */ = {isa = PBXFileReference; explicitFileType = wrapper.cfbundle; includeInIndex = 0; path = searchdemoTests.xctest; sourceTree = BUILT_PRODUCTS_DIR; };
		7A92E214217093A7004C0F95 /* searchdemoTests.swift */ = {isa = PBXFileReference; lastKnownFileType = sourcecode.swift; path = searchdemoTests.swift; sourceTree = "<group>"; };
		7A92E216217093A7004C0F95 /* Info.plist */ = {isa = PBXFileReference; lastKnownFileType = text.plist.xml; path = Info.plist; sourceTree = "<group>"; };
		7A92E21B217093A7004C0F95 /* searchdemoUITests.xctest */ = {isa = PBXFileReference; explicitFileType = wrapper.cfbundle; includeInIndex = 0; path = searchdemoUITests.xctest; sourceTree = BUILT_PRODUCTS_DIR; };
		7A92E21F217093A7004C0F95 /* searchdemoUITests.swift */ = {isa = PBXFileReference; lastKnownFileType = sourcecode.swift; path = searchdemoUITests.swift; sourceTree = "<group>"; };
		7A92E221217093A7004C0F95 /* Info.plist */ = {isa = PBXFileReference; lastKnownFileType = text.plist.xml; path = Info.plist; sourceTree = "<group>"; };
/* End PBXFileReference section */

/* Begin PBXFrameworksBuildPhase section */
		7A92E1F9217093A6004C0F95 /* Frameworks */ = {
			isa = PBXFrameworksBuildPhase;
			buildActionMask = 2147483647;
			files = (
			);
			runOnlyForDeploymentPostprocessing = 0;
		};
		7A92E20D217093A7004C0F95 /* Frameworks */ = {
			isa = PBXFrameworksBuildPhase;
			buildActionMask = 2147483647;
			files = (
			);
			runOnlyForDeploymentPostprocessing = 0;
		};
		7A92E218217093A7004C0F95 /* Frameworks */ = {
			isa = PBXFrameworksBuildPhase;
			buildActionMask = 2147483647;
			files = (
			);
			runOnlyForDeploymentPostprocessing = 0;
		};
/* End PBXFrameworksBuildPhase section */

/* Begin PBXGroup section */
		7A023AC82172403200A06EAD /* vcs */ = {
			isa = PBXGroup;
			children = (
				7A023AC9217240FC00A06EAD /* BrightnessVC.swift */,
				7A023ACA217240FC00A06EAD /* BrightnessVC.xib */,
			);
			path = vcs;
			sourceTree = "<group>";
		};
		7A92E1F3217093A6004C0F95 = {
			isa = PBXGroup;
			children = (
				7A92E1FE217093A6004C0F95 /* searchdemo */,
				7A92E213217093A7004C0F95 /* searchdemoTests */,
				7A92E21E217093A7004C0F95 /* searchdemoUITests */,
				7A92E1FD217093A6004C0F95 /* Products */,
			);
			sourceTree = "<group>";
		};
		7A92E1FD217093A6004C0F95 /* Products */ = {
			isa = PBXGroup;
			children = (
				7A92E1FC217093A6004C0F95 /* searchdemo.app */,
				7A92E210217093A7004C0F95 /* searchdemoTests.xctest */,
				7A92E21B217093A7004C0F95 /* searchdemoUITests.xctest */,
			);
			name = Products;
			sourceTree = "<group>";
		};
		7A92E1FE217093A6004C0F95 /* searchdemo */ = {
			isa = PBXGroup;
			children = (
				7A023AC82172403200A06EAD /* vcs */,
				7A92E1FF217093A6004C0F95 /* AppDelegate.swift */,
				7A92E201217093A6004C0F95 /* ViewController.swift */,
				7A92E203217093A6004C0F95 /* Main.storyboard */,
				7A92E206217093A7004C0F95 /* Assets.xcassets */,
				7A92E208217093A7004C0F95 /* LaunchScreen.storyboard */,
				7A92E20B217093A7004C0F95 /* Info.plist */,
			);
			path = searchdemo;
			sourceTree = "<group>";
		};
		7A92E213217093A7004C0F95 /* searchdemoTests */ = {
			isa = PBXGroup;
			children = (
				7A92E214217093A7004C0F95 /* searchdemoTests.swift */,
				7A92E216217093A7004C0F95 /* Info.plist */,
			);
			path = searchdemoTests;
			sourceTree = "<group>";
		};
		7A92E21E217093A7004C0F95 /* searchdemoUITests */ = {
			isa = PBXGroup;
			children = (
				7A92E21F217093A7004C0F95 /* searchdemoUITests.swift */,
				7A92E221217093A7004C0F95 /* Info.plist */,
			);
			path = searchdemoUITests;
			sourceTree = "<group>";
		};
/* End PBXGroup section */

/* Begin PBXNativeTarget section */
		7A92E1FB217093A6004C0F95 /* searchdemo */ = {
			isa = PBXNativeTarget;
			buildConfigurationList = 7A92E224217093A7004C0F95 /* Build configuration list for PBXNativeTarget "searchdemo" */;
			buildPhases = (
				7A92E1F8217093A6004C0F95 /* Sources */,
				7A92E1F9217093A6004C0F95 /* Frameworks */,
				7A92E1FA217093A6004C0F95 /* Resources */,
			);
			buildRules = (
			);
			dependencies = (
			);
			name = searchdemo;
			productName = searchdemo;
			productReference = 7A92E1FC217093A6004C0F95 /* searchdemo.app */;
			productType = "com.apple.product-type.application";
		};
		7A92E20F217093A7004C0F95 /* searchdemoTests */ = {
			isa = PBXNativeTarget;
			buildConfigurationList = 7A92E227217093A7004C0F95 /* Build configuration list for PBXNativeTarget "searchdemoTests" */;
			buildPhases = (
				7A92E20C217093A7004C0F95 /* Sources */,
				7A92E20D217093A7004C0F95 /* Frameworks */,
				7A92E20E217093A7004C0F95 /* Resources */,
			);
			buildRules = (
			);
			dependencies = (
				7A92E212217093A7004C0F95 /* PBXTargetDependency */,
			);
			name = searchdemoTests;
			productName = searchdemoTests;
			productReference = 7A92E210217093A7004C0F95 /* searchdemoTests.xctest */;
			productType = "com.apple.product-type.bundle.unit-test";
		};
		7A92E21A217093A7004C0F95 /* searchdemoUITests */ = {
			isa = PBXNativeTarget;
			buildConfigurationList = 7A92E22A217093A7004C0F95 /* Build configuration list for PBXNativeTarget "searchdemoUITests" */;
			buildPhases = (
				7A92E217217093A7004C0F95 /* Sources */,
				7A92E218217093A7004C0F95 /* Frameworks */,
				7A92E219217093A7004C0F95 /* Resources */,
			);
			buildRules = (
			);
			dependencies = (
				7A92E21D217093A7004C0F95 /* PBXTargetDependency */,
			);
			name = searchdemoUITests;
			productName = searchdemoUITests;
			productReference = 7A92E21B217093A7004C0F95 /* searchdemoUITests.xctest */;
			productType = "com.apple.product-type.bundle.ui-testing";
		};
/* End PBXNativeTarget section */

/* Begin PBXProject section */
		7A92E1F4217093A6004C0F95 /* Project object */ = {
			isa = PBXProject;
			attributes = {
				LastSwiftUpdateCheck = 0940;
				LastUpgradeCheck = 0940;
				ORGANIZATIONNAME = thianluankim;
				TargetAttributes = {
					7A92E1FB217093A6004C0F95 = {
						CreatedOnToolsVersion = 9.4.1;
					};
					7A92E20F217093A7004C0F95 = {
						CreatedOnToolsVersion = 9.4.1;
						TestTargetID = 7A92E1FB217093A6004C0F95;
					};
					7A92E21A217093A7004C0F95 = {
						CreatedOnToolsVersion = 9.4.1;
						TestTargetID = 7A92E1FB217093A6004C0F95;
					};
				};
			};
			buildConfigurationList = 7A92E1F7217093A6004C0F95 /* Build configuration list for PBXProject "searchdemo" */;
			compatibilityVersion = "Xcode 9.3";
			developmentRegion = en;
			hasScannedForEncodings = 0;
			knownRegions = (
				en,
				Base,
			);
			mainGroup = 7A92E1F3217093A6004C0F95;
			productRefGroup = 7A92E1FD217093A6004C0F95 /* Products */;
			projectDirPath = "";
			projectRoot = "";
			targets = (
				7A92E1FB217093A6004C0F95 /* searchdemo */,
				7A92E20F217093A7004C0F95 /* searchdemoTests */,
				7A92E21A217093A7004C0F95 /* searchdemoUITests */,
			);
		};
/* End PBXProject section */

/* Begin PBXResourcesBuildPhase section */
		7A92E1FA217093A6004C0F95 /* Resources */ = {
			isa = PBXResourcesBuildPhase;
			buildActionMask = 2147483647;
			files = (
				7A92E20A217093A7004C0F95 /* LaunchScreen.storyboard in Resources */,
				7A92E207217093A7004C0F95 /* Assets.xcassets in Resources */,
				7A92E205217093A6004C0F95 /* Main.storyboard in Resources */,
				7A023ACC217240FC00A06EAD /* BrightnessVC.xib in Resources */,
			);
			runOnlyForDeploymentPostprocessing = 0;
		};
		7A92E20E217093A7004C0F95 /* Resources */ = {
			isa = PBXResourcesBuildPhase;
			buildActionMask = 2147483647;
			files = (
			);
			runOnlyForDeploymentPostprocessing = 0;
		};
		7A92E219217093A7004C0F95 /* Resources */ = {
			isa = PBXResourcesBuildPhase;
			buildActionMask = 2147483647;
			files = (
			);
			runOnlyForDeploymentPostprocessing = 0;
		};
/* End PBXResourcesBuildPhase section */

/* Begin PBXSourcesBuildPhase section */
		7A92E1F8217093A6004C0F95 /* Sources */ = {
			isa = PBXSourcesBuildPhase;
			buildActionMask = 2147483647;
			files = (
				7A92E202217093A6004C0F95 /* ViewController.swift in Sources */,
				7A023ACB217240FC00A06EAD /* BrightnessVC.swift in Sources */,
				7A92E200217093A6004C0F95 /* AppDelegate.swift in Sources */,
			);
			runOnlyForDeploymentPostprocessing = 0;
		};
		7A92E20C217093A7004C0F95 /* Sources */ = {
			isa = PBXSourcesBuildPhase;
			buildActionMask = 2147483647;
			files = (
				7A92E215217093A7004C0F95 /* searchdemoTests.swift in Sources */,
			);
			runOnlyForDeploymentPostprocessing = 0;
		};
		7A92E217217093A7004C0F95 /* Sources */ = {
			isa = PBXSourcesBuildPhase;
			buildActionMask = 2147483647;
			files = (
				7A92E220217093A7004C0F95 /* searchdemoUITests.swift in Sources */,
			);
			runOnlyForDeploymentPostprocessing = 0;
		};
/* End PBXSourcesBuildPhase section */

/* Begin PBXTargetDependency section */
		7A92E212217093A7004C0F95 /* PBXTargetDependency */ = {
			isa = PBXTargetDependency;
			target = 7A92E1FB217093A6004C0F95 /* searchdemo */;
			targetProxy = 7A92E211217093A7004C0F95 /* PBXContainerItemProxy */;
		};
		7A92E21D217093A7004C0F95 /* PBXTargetDependency */ = {
			isa = PBXTargetDependency;
			target = 7A92E1FB217093A6004C0F95 /* searchdemo */;
			targetProxy = 7A92E21C217093A7004C0F95 /* PBXContainerItemProxy */;
		};
/* End PBXTargetDependency section */

/* Begin PBXVariantGroup section */
		7A92E203217093A6004C0F95 /* Main.storyboard */ = {
			isa = PBXVariantGroup;
			children = (
				7A92E204217093A6004C0F95 /* Base */,
			);
			name = Main.storyboard;
			sourceTree = "<group>";
		};
		7A92E208217093A7004C0F95 /* LaunchScreen.storyboard */ = {
			isa = PBXVariantGroup;
			children = (
				7A92E209217093A7004C0F95 /* Base */,
			);
			name = LaunchScreen.storyboard;
			sourceTree = "<group>";
		};
/* End PBXVariantGroup section */

/* Begin XCBuildConfiguration section */
		7A92E222217093A7004C0F95 /* Debug */ = {
			isa = XCBuildConfiguration;
			buildSettings = {
				ALWAYS_SEARCH_USER_PATHS = NO;
				CLANG_ANALYZER_NONNULL = YES;
				CLANG_ANALYZER_NUMBER_OBJECT_CONVERSION = YES_AGGRESSIVE;
				CLANG_CXX_LANGUAGE_STANDARD = "gnu++14";
				CLANG_CXX_LIBRARY = "libc++";
				CLANG_ENABLE_MODULES = YES;
				CLANG_ENABLE_OBJC_ARC = YES;
				CLANG_ENABLE_OBJC_WEAK = YES;
				CLANG_WARN_BLOCK_CAPTURE_AUTORELEASING = YES;
				CLANG_WARN_BOOL_CONVERSION = YES;
				CLANG_WARN_COMMA = YES;
				CLANG_WARN_CONSTANT_CONVERSION = YES;
				CLANG_WARN_DEPRECATED_OBJC_IMPLEMENTATIONS = YES;
				CLANG_WARN_DIRECT_OBJC_ISA_USAGE = YES_ERROR;
				CLANG_WARN_DOCUMENTATION_COMMENTS = YES;
				CLANG_WARN_EMPTY_BODY = YES;
				CLANG_WARN_ENUM_CONVERSION = YES;
				CLANG_WARN_INFINITE_RECURSION = YES;
				CLANG_WARN_INT_CONVERSION = YES;
				CLANG_WARN_NON_LITERAL_NULL_CONVERSION = YES;
				CLANG_WARN_OBJC_IMPLICIT_RETAIN_SELF = YES;
				CLANG_WARN_OBJC_LITERAL_CONVERSION = YES;
				CLANG_WARN_OBJC_ROOT_CLASS = YES_ERROR;
				CLANG_WARN_RANGE_LOOP_ANALYSIS = YES;
				CLANG_WARN_STRICT_PROTOTYPES = YES;
				CLANG_WARN_SUSPICIOUS_MOVE = YES;
				CLANG_WARN_UNGUARDED_AVAILABILITY = YES_AGGRESSIVE;
				CLANG_WARN_UNREACHABLE_CODE = YES;
				CLANG_WARN__DUPLICATE_METHOD_MATCH = YES;
				CODE_SIGN_IDENTITY = "iPhone Developer";
				COPY_PHASE_STRIP = NO;
				DEBUG_INFORMATION_FORMAT = dwarf;
				ENABLE_STRICT_OBJC_MSGSEND = YES;
				ENABLE_TESTABILITY = YES;
				GCC_C_LANGUAGE_STANDARD = gnu11;
				GCC_DYNAMIC_NO_PIC = NO;
				GCC_NO_COMMON_BLOCKS = YES;
				GCC_OPTIMIZATION_LEVEL = 0;
				GCC_PREPROCESSOR_DEFINITIONS = (
					"DEBUG=1",
					"$(inherited)",
				);
				GCC_WARN_64_TO_32_BIT_CONVERSION = YES;
				GCC_WARN_ABOUT_RETURN_TYPE = YES_ERROR;
				GCC_WARN_UNDECLARED_SELECTOR = YES;
				GCC_WARN_UNINITIALIZED_AUTOS = YES_AGGRESSIVE;
				GCC_WARN_UNUSED_FUNCTION = YES;
				GCC_WARN_UNUSED_VARIABLE = YES;
				IPHONEOS_DEPLOYMENT_TARGET = 11.4;
				MTL_ENABLE_DEBUG_INFO = YES;
				ONLY_ACTIVE_ARCH = YES;
				SDKROOT = iphoneos;
				SWIFT_ACTIVE_COMPILATION_CONDITIONS = DEBUG;
				SWIFT_OPTIMIZATION_LEVEL = "-Onone";
			};
			name = Debug;
		};
		7A92E223217093A7004C0F95 /* Release */ = {
			isa = XCBuildConfiguration;
			buildSettings = {
				ALWAYS_SEARCH_USER_PATHS = NO;
				CLANG_ANALYZER_NONNULL = YES;
				CLANG_ANALYZER_NUMBER_OBJECT_CONVERSION = YES_AGGRESSIVE;
				CLANG_CXX_LANGUAGE_STANDARD = "gnu++14";
				CLANG_CXX_LIBRARY = "libc++";
				CLANG_ENABLE_MODULES = YES;
				CLANG_ENABLE_OBJC_ARC = YES;
				CLANG_ENABLE_OBJC_WEAK = YES;
				CLANG_WARN_BLOCK_CAPTURE_AUTORELEASING = YES;
				CLANG_WARN_BOOL_CONVERSION = YES;
				CLANG_WARN_COMMA = YES;
				CLANG_WARN_CONSTANT_CONVERSION = YES;
				CLANG_WARN_DEPRECATED_OBJC_IMPLEMENTATIONS = YES;
				CLANG_WARN_DIRECT_OBJC_ISA_USAGE = YES_ERROR;
				CLANG_WARN_DOCUMENTATION_COMMENTS = YES;
				CLANG_WARN_EMPTY_BODY = YES;
				CLANG_WARN_ENUM_CONVERSION = YES;
				CLANG_WARN_INFINITE_RECURSION = YES;
				CLANG_WARN_INT_CONVERSION = YES;
				CLANG_WARN_NON_LITERAL_NULL_CONVERSION = YES;
				CLANG_WARN_OBJC_IMPLICIT_RETAIN_SELF = YES;
				CLANG_WARN_OBJC_LITERAL_CONVERSION = YES;
				CLANG_WARN_OBJC_ROOT_CLASS = YES_ERROR;
				CLANG_WARN_RANGE_LOOP_ANALYSIS = YES;
				CLANG_WARN_STRICT_PROTOTYPES = YES;
				CLANG_WARN_SUSPICIOUS_MOVE = YES;
				CLANG_WARN_UNGUARDED_AVAILABILITY = YES_AGGRESSIVE;
				CLANG_WARN_UNREACHABLE_CODE = YES;
				CLANG_WARN__DUPLICATE_METHOD_MATCH = YES;
				CODE_SIGN_IDENTITY = "iPhone Developer";
				COPY_PHASE_STRIP = NO;
				DEBUG_INFORMATION_FORMAT = "dwarf-with-dsym";
				ENABLE_NS_ASSERTIONS = NO;
				ENABLE_STRICT_OBJC_MSGSEND = YES;
				GCC_C_LANGUAGE_STANDARD = gnu11;
				GCC_NO_COMMON_BLOCKS = YES;
				GCC_WARN_64_TO_32_BIT_CONVERSION = YES;
				GCC_WARN_ABOUT_RETURN_TYPE = YES_ERROR;
				GCC_WARN_UNDECLARED_SELECTOR = YES;
				GCC_WARN_UNINITIALIZED_AUTOS = YES_AGGRESSIVE;
				GCC_WARN_UNUSED_FUNCTION = YES;
				GCC_WARN_UNUSED_VARIABLE = YES;
				IPHONEOS_DEPLOYMENT_TARGET = 11.4;
				MTL_ENABLE_DEBUG_INFO = NO;
				SDKROOT = iphoneos;
				SWIFT_COMPILATION_MODE = wholemodule;
				SWIFT_OPTIMIZATION_LEVEL = "-O";
				VALIDATE_PRODUCT = YES;
			};
			name = Release;
		};
		7A92E225217093A7004C0F95 /* Debug */ = {
			isa = XCBuildConfiguration;
			buildSettings = {
				ASSETCATALOG_COMPILER_APPICON_NAME = AppIcon;
				CODE_SIGN_STYLE = Automatic;
				DEVELOPMENT_TEAM = 8WL86X38T3;
				INFOPLIST_FILE = searchdemo/Info.plist;
				LD_RUNPATH_SEARCH_PATHS = (
					"$(inherited)",
					"@executable_path/Frameworks",
				);
				PRODUCT_BUNDLE_IDENTIFIER = com.example.searchdemo;
				PRODUCT_NAME = "$(TARGET_NAME)";
				SWIFT_VERSION = 4.0;
				TARGETED_DEVICE_FAMILY = "1,2";
			};
			name = Debug;
		};
		7A92E226217093A7004C0F95 /* Release */ = {
			isa = XCBuildConfiguration;
			buildSettings = {
				ASSETCATALOG_COMPILER_APPICON_NAME = AppIcon;
				CODE_SIGN_STYLE = Automatic;
				DEVELOPMENT_TEAM = 8WL86X38T3;
				INFOPLIST_FILE = searchdemo/Info.plist;
				LD_RUNPATH_SEARCH_PATHS = (
					"$(inherited)",
					"@executable_path/Frameworks",
				);
				PRODUCT_BUNDLE_IDENTIFIER = com.example.searchdemo;
				PRODUCT_NAME = "$(TARGET_NAME)";
				SWIFT_VERSION = 4.0;
				TARGETED_DEVICE_FAMILY = "1,2";
			};
			name = Release;
		};
		7A92E228217093A7004C0F95 /* Debug */ = {
			isa = XCBuildConfiguration;
			buildSettings = {
				ALWAYS_EMBED_SWIFT_STANDARD_LIBRARIES = YES;
				BUNDLE_LOADER = "$(TEST_HOST)";
				CODE_SIGN_STYLE = Automatic;
				INFOPLIST_FILE = searchdemoTests/Info.plist;
				LD_RUNPATH_SEARCH_PATHS = (
					"$(inherited)",
					"@executable_path/Frameworks",
					"@loader_path/Frameworks",
				);
				PRODUCT_BUNDLE_IDENTIFIER = com.example.searchdemoTests;
				PRODUCT_NAME = "$(TARGET_NAME)";
				SWIFT_VERSION = 4.0;
				TARGETED_DEVICE_FAMILY = "1,2";
				TEST_HOST = "$(BUILT_PRODUCTS_DIR)/searchdemo.app/searchdemo";
			};
			name = Debug;
		};
		7A92E229217093A7004C0F95 /* Release */ = {
			isa = XCBuildConfiguration;
			buildSettings = {
				ALWAYS_EMBED_SWIFT_STANDARD_LIBRARIES = YES;
				BUNDLE_LOADER = "$(TEST_HOST)";
				CODE_SIGN_STYLE = Automatic;
				INFOPLIST_FILE = searchdemoTests/Info.plist;
				LD_RUNPATH_SEARCH_PATHS = (
					"$(inherited)",
					"@executable_path/Frameworks",
					"@loader_path/Frameworks",
				);
				PRODUCT_BUNDLE_IDENTIFIER = com.example.searchdemoTests;
				PRODUCT_NAME = "$(TARGET_NAME)";
				SWIFT_VERSION = 4.0;
				TARGETED_DEVICE_FAMILY = "1,2";
				TEST_HOST = "$(BUILT_PRODUCTS_DIR)/searchdemo.app/searchdemo";
			};
			name = Release;
		};
		7A92E22B217093A7004C0F95 /* Debug */ = {
			isa = XCBuildConfiguration;
			buildSettings = {
				ALWAYS_EMBED_SWIFT_STANDARD_LIBRARIES = YES;
				CODE_SIGN_STYLE = Automatic;
				INFOPLIST_FILE = searchdemoUITests/Info.plist;
				LD_RUNPATH_SEARCH_PATHS = (
					"$(inherited)",
					"@executable_path/Frameworks",
					"@loader_path/Frameworks",
				);
				PRODUCT_BUNDLE_IDENTIFIER = com.example.searchdemoUITests;
				PRODUCT_NAME = "$(TARGET_NAME)";
				SWIFT_VERSION = 4.0;
				TARGETED_DEVICE_FAMILY = "1,2";
				TEST_TARGET_NAME = searchdemo;
			};
			name = Debug;
		};
		7A92E22C217093A7004C0F95 /* Release */ = {
			isa = XCBuildConfiguration;
			buildSettings = {
				ALWAYS_EMBED_SWIFT_STANDARD_LIBRARIES = YES;
				CODE_SIGN_STYLE = Automatic;
				INFOPLIST_FILE = searchdemoUITests/Info.plist;
				LD_RUNPATH_SEARCH_PATHS = (
					"$(inherited)",
					"@executable_path/Frameworks",
					"@loader_path/Frameworks",
				);
				PRODUCT_BUNDLE_IDENTIFIER = com.example.searchdemoUITests;
				PRODUCT_NAME = "$(TARGET_NAME)";
				SWIFT_VERSION = 4.0;
				TARGETED_DEVICE_FAMILY = "1,2";
				TEST_TARGET_NAME = searchdemo;
			};
			name = Release;
		};
/* End XCBuildConfiguration section */

/* Begin XCConfigurationList section */
		7A92E1F7217093A6004C0F95 /* Build configuration list for PBXProject "searchdemo" */ = {
			isa = XCConfigurationList;
			buildConfigurations = (
				7A92E222217093A7004C0F95 /* Debug */,
				7A92E223217093A7004C0F95 /* Release */,
			);
			defaultConfigurationIsVisible = 0;
			defaultConfigurationName = Release;
		};
		7A92E224217093A7004C0F95 /* Build configuration list for PBXNativeTarget "searchdemo" */ = {
			isa = XCConfigurationList;
			buildConfigurations = (
				7A92E225217093A7004C0F95 /* Debug */,
				7A92E226217093A7004C0F95 /* Release */,
			);
			defaultConfigurationIsVisible = 0;
			defaultConfigurationName = Release;
		};
		7A92E227217093A7004C0F95 /* Build configuration list for PBXNativeTarget "searchdemoTests" */ = {
			isa = XCConfigurationList;
			buildConfigurations = (
				7A92E228217093A7004C0F95 /* Debug */,
				7A92E229217093A7004C0F95 /* Release */,
			);
			defaultConfigurationIsVisible = 0;
			defaultConfigurationName = Release;
		};
		7A92E22A217093A7004C0F95 /* Build configuration list for PBXNativeTarget "searchdemoUITests" */ = {
			isa = XCConfigurationList;
			buildConfigurations = (
				7A92E22B217093A7004C0F95 /* Debug */,
				7A92E22C217093A7004C0F95 /* Release */,
			);
			defaultConfigurationIsVisible = 0;
			defaultConfigurationName = Release;
		};
/* End XCConfigurationList section */
	};
	rootObject = 7A92E1F4217093A6004C0F95 /* Project object */;
}
